PODS:
  - IQKeyboardCore (1.0.4)
  - IQKeyboardToolbar (1.0.4):
    - IQKeyboardCore (= 1.0.4)

DEPENDENCIES:
  - IQKeyboardToolbar (from `../`)

SPEC REPOS:
  trunk:
    - IQKeyboardCore

EXTERNAL SOURCES:
  IQKeyboardToolbar:
    :path: "../"

SPEC CHECKSUMS:
  IQKeyboardCore: 310a5386778eada46ac2a1c5645b73f5c7770d9e
  IQKeyboardToolbar: e307a637df6b2b8ca3b9ccb70961c90035ae10c1

PODFILE CHECKSUM: 7dc60a98e1294b95b482166fead7d83e9b8f1920

COCOAPODS: 1.15.2
