PODS:
  - IQKeyboardCore (1.0.4)
  - IQKeyboardToolbar (1.0.2):
    - IQKeyboardCore (= 1.0.4)

DEPENDENCIES:
  - IQKeyboardToolbar (from `../`)

SPEC REPOS:
  trunk:
    - IQKeyboardCore

EXTERNAL SOURCES:
  IQKeyboardToolbar:
    :path: "../"

SPEC CHECKSUMS:
  IQKeyboardCore: 310a5386778eada46ac2a1c5645b73f5c7770d9e
  IQKeyboardToolbar: f29a5fc452d23d8110d66a1c4be22c899854e013

PODFILE CHECKSUM: 7dc60a98e1294b95b482166fead7d83e9b8f1920

COCOAPODS: 1.15.2
