{
  "pins" : [
    {
      "identity" : "iqkeyboardcore",
      "kind" : "remoteSourceControl",
      "location" : "https://github.com/hackiftekhar/IQKeyboardCore.git",
      "state" : {
        "revision" : "efed059a4a30d59c7cc5da9caee7608e9e510edf",
        "version" : "1.0.1"
      }
    }
  ],
  "version" : 2
}
