{
  "pins" : [
    {
      "identity" : "iqkeyboardcore",
      "kind" : "remoteSourceControl",
      "location" : "https://github.com/hackiftekhar/IQKeyboardCore.git",
      "state" : {
        "revision" : "6501e93b03161ce1c9355d2d689bad91c534104e",
        "version" : "1.0.8"
      }
    }
  ],
  "version" : 2
}
